
Microsoft Visual Studio Solution File, Format Version 12.00
# Visual Studio Version 16
VisualStudioVersion = 16.0.30523.141
MinimumVisualStudioVersion = 10.0.40219.1
Project("{9A19103F-16F7-4668-BE54-9A1E7A4F7556}") = "ServiceDesk", "ServiceDesk\ServiceDesk.csproj", "{7A671527-B867-4C01-B08A-EB88510FFECF}"
EndProject
Global
	GlobalSection(SolutionConfigurationPlatforms) = preSolution
		Debug|Any CPU = Debug|Any CPU
		Release|Any CPU = Release|Any CPU
	EndGlobalSection
	GlobalSection(ProjectConfigurationPlatforms) = postSolution
		{7A671527-B867-4C01-B08A-EB88510FFECF}.Debug|Any CPU.ActiveCfg = Debug|Any CPU
		{7A671527-B867-4C01-B08A-EB88510FFECF}.Debug|Any CPU.Build.0 = Debug|Any CPU
		{7A671527-B867-4C01-B08A-EB88510FFECF}.Release|Any CPU.ActiveCfg = Release|Any CPU
		{7A671527-B867-4C01-B08A-EB88510FFECF}.Release|Any CPU.Build.0 = Release|Any CPU
	EndGlobalSection
	GlobalSection(SolutionProperties) = preSolution
		HideSolutionNode = FALSE
	EndGlobalSection
	GlobalSection(ExtensibilityGlobals) = postSolution
		SolutionGuid = {CE5193AD-C989-47DF-AE2E-B7424D8F1965}
	EndGlobalSection
EndGlobal
